
Microsoft Visual Studio Solution File, Format Version 11.00
# Visual Studio 2010
Project("{FAE04EC0-301F-11D3-BF4B-00C04F79EFBC}") = "Assembly-CSharp", "Assembly-CSharp.csproj", "{007be90e-58dc-6e2c-c6d4-139dd5a0d807}"
EndProject
Project("{FAE04EC0-301F-11D3-BF4B-00C04F79EFBC}") = "UniTask", "UniTask.csproj", "{2df87a6c-739f-560e-bc87-cf258d631e55}"
EndProject
Project("{FAE04EC0-301F-11D3-BF4B-00C04F79EFBC}") = "LeanTransition", "LeanTransition.csproj", "{ced4ed8b-704c-6310-5b77-385db98b5c8b}"
EndProject
Project("{FAE04EC0-301F-11D3-BF4B-00C04F79EFBC}") = "LeanGUI", "LeanGUI.csproj", "{de0665a1-90ba-f630-456b-499c2396cb69}"
EndProject
Project("{FAE04EC0-301F-11D3-BF4B-00C04F79EFBC}") = "UniTask.Linq", "UniTask.Linq.csproj", "{90a5a04e-ebcc-66c7-e0a6-5afac526b237}"
EndProject
Project("{FAE04EC0-301F-11D3-BF4B-00C04F79EFBC}") = "UnityGifDecoder", "UnityGifDecoder.csproj", "{440175a9-94e4-8dab-adc1-90489f2fcf75}"
EndProject
Project("{FAE04EC0-301F-11D3-BF4B-00C04F79EFBC}") = "LeanCommon", "LeanCommon.csproj", "{c1a8dd46-23aa-f53a-557f-b7ef002bc6d8}"
EndProject
Project("{FAE04EC0-301F-11D3-BF4B-00C04F79EFBC}") = "UniTask.DOTween", "UniTask.DOTween.csproj", "{7e99008e-365b-c7ac-47eb-8c74e567c442}"
EndProject
Project("{FAE04EC0-301F-11D3-BF4B-00C04F79EFBC}") = "UniTask.TextMeshPro", "UniTask.TextMeshPro.csproj", "{858db67e-7e20-df07-9b78-dbccc05e60b0}"
EndProject
Project("{FAE04EC0-301F-11D3-BF4B-00C04F79EFBC}") = "endel.nativewebsocket", "endel.nativewebsocket.csproj", "{dbd23e85-a7cb-2f47-63f4-cf540f0bc3a0}"
EndProject
Project("{FAE04EC0-301F-11D3-BF4B-00C04F79EFBC}") = "UniTask.Addressables", "UniTask.Addressables.csproj", "{1b381b87-b878-2c37-7cda-ae0fd3f750b2}"
EndProject
Project("{FAE04EC0-301F-11D3-BF4B-00C04F79EFBC}") = "UniTask.Editor", "UniTask.Editor.csproj", "{a31b0eb9-63c2-c116-4d74-0e5057114c56}"
EndProject
Project("{FAE04EC0-301F-11D3-BF4B-00C04F79EFBC}") = "LeanTransition.Editor", "LeanTransition.Editor.csproj", "{2927a0d0-dd5c-75f4-b830-2e0e064021c6}"
EndProject
Project("{FAE04EC0-301F-11D3-BF4B-00C04F79EFBC}") = "Assembly-CSharp-Editor", "Assembly-CSharp-Editor.csproj", "{1e6f58cf-797a-5227-a66b-6cb17af7735a}"
EndProject
Global
	GlobalSection(SolutionConfigurationPlatforms) = preSolution
		Debug|Any CPU = Debug|Any CPU
		Release|Any CPU = Release|Any CPU
	EndGlobalSection
	GlobalSection(ProjectConfigurationPlatforms) = postSolution
		{007be90e-58dc-6e2c-c6d4-139dd5a0d807}.Debug|Any CPU.ActiveCfg = Debug|Any CPU
		{007be90e-58dc-6e2c-c6d4-139dd5a0d807}.Debug|Any CPU.Build.0 = Debug|Any CPU
		{007be90e-58dc-6e2c-c6d4-139dd5a0d807}.Release|Any CPU.ActiveCfg = Release|Any CPU
		{007be90e-58dc-6e2c-c6d4-139dd5a0d807}.Release|Any CPU.Build.0 = Release|Any CPU
		{2df87a6c-739f-560e-bc87-cf258d631e55}.Debug|Any CPU.ActiveCfg = Debug|Any CPU
		{2df87a6c-739f-560e-bc87-cf258d631e55}.Debug|Any CPU.Build.0 = Debug|Any CPU
		{2df87a6c-739f-560e-bc87-cf258d631e55}.Release|Any CPU.ActiveCfg = Release|Any CPU
		{2df87a6c-739f-560e-bc87-cf258d631e55}.Release|Any CPU.Build.0 = Release|Any CPU
		{ced4ed8b-704c-6310-5b77-385db98b5c8b}.Debug|Any CPU.ActiveCfg = Debug|Any CPU
		{ced4ed8b-704c-6310-5b77-385db98b5c8b}.Debug|Any CPU.Build.0 = Debug|Any CPU
		{ced4ed8b-704c-6310-5b77-385db98b5c8b}.Release|Any CPU.ActiveCfg = Release|Any CPU
		{ced4ed8b-704c-6310-5b77-385db98b5c8b}.Release|Any CPU.Build.0 = Release|Any CPU
		{de0665a1-90ba-f630-456b-499c2396cb69}.Debug|Any CPU.ActiveCfg = Debug|Any CPU
		{de0665a1-90ba-f630-456b-499c2396cb69}.Debug|Any CPU.Build.0 = Debug|Any CPU
		{de0665a1-90ba-f630-456b-499c2396cb69}.Release|Any CPU.ActiveCfg = Release|Any CPU
		{de0665a1-90ba-f630-456b-499c2396cb69}.Release|Any CPU.Build.0 = Release|Any CPU
		{90a5a04e-ebcc-66c7-e0a6-5afac526b237}.Debug|Any CPU.ActiveCfg = Debug|Any CPU
		{90a5a04e-ebcc-66c7-e0a6-5afac526b237}.Debug|Any CPU.Build.0 = Debug|Any CPU
		{90a5a04e-ebcc-66c7-e0a6-5afac526b237}.Release|Any CPU.ActiveCfg = Release|Any CPU
		{90a5a04e-ebcc-66c7-e0a6-5afac526b237}.Release|Any CPU.Build.0 = Release|Any CPU
		{440175a9-94e4-8dab-adc1-90489f2fcf75}.Debug|Any CPU.ActiveCfg = Debug|Any CPU
		{440175a9-94e4-8dab-adc1-90489f2fcf75}.Debug|Any CPU.Build.0 = Debug|Any CPU
		{440175a9-94e4-8dab-adc1-90489f2fcf75}.Release|Any CPU.ActiveCfg = Release|Any CPU
		{440175a9-94e4-8dab-adc1-90489f2fcf75}.Release|Any CPU.Build.0 = Release|Any CPU
		{c1a8dd46-23aa-f53a-557f-b7ef002bc6d8}.Debug|Any CPU.ActiveCfg = Debug|Any CPU
		{c1a8dd46-23aa-f53a-557f-b7ef002bc6d8}.Debug|Any CPU.Build.0 = Debug|Any CPU
		{c1a8dd46-23aa-f53a-557f-b7ef002bc6d8}.Release|Any CPU.ActiveCfg = Release|Any CPU
		{c1a8dd46-23aa-f53a-557f-b7ef002bc6d8}.Release|Any CPU.Build.0 = Release|Any CPU
		{7e99008e-365b-c7ac-47eb-8c74e567c442}.Debug|Any CPU.ActiveCfg = Debug|Any CPU
		{7e99008e-365b-c7ac-47eb-8c74e567c442}.Debug|Any CPU.Build.0 = Debug|Any CPU
		{7e99008e-365b-c7ac-47eb-8c74e567c442}.Release|Any CPU.ActiveCfg = Release|Any CPU
		{7e99008e-365b-c7ac-47eb-8c74e567c442}.Release|Any CPU.Build.0 = Release|Any CPU
		{858db67e-7e20-df07-9b78-dbccc05e60b0}.Debug|Any CPU.ActiveCfg = Debug|Any CPU
		{858db67e-7e20-df07-9b78-dbccc05e60b0}.Debug|Any CPU.Build.0 = Debug|Any CPU
		{858db67e-7e20-df07-9b78-dbccc05e60b0}.Release|Any CPU.ActiveCfg = Release|Any CPU
		{858db67e-7e20-df07-9b78-dbccc05e60b0}.Release|Any CPU.Build.0 = Release|Any CPU
		{dbd23e85-a7cb-2f47-63f4-cf540f0bc3a0}.Debug|Any CPU.ActiveCfg = Debug|Any CPU
		{dbd23e85-a7cb-2f47-63f4-cf540f0bc3a0}.Debug|Any CPU.Build.0 = Debug|Any CPU
		{dbd23e85-a7cb-2f47-63f4-cf540f0bc3a0}.Release|Any CPU.ActiveCfg = Release|Any CPU
		{dbd23e85-a7cb-2f47-63f4-cf540f0bc3a0}.Release|Any CPU.Build.0 = Release|Any CPU
		{1b381b87-b878-2c37-7cda-ae0fd3f750b2}.Debug|Any CPU.ActiveCfg = Debug|Any CPU
		{1b381b87-b878-2c37-7cda-ae0fd3f750b2}.Debug|Any CPU.Build.0 = Debug|Any CPU
		{1b381b87-b878-2c37-7cda-ae0fd3f750b2}.Release|Any CPU.ActiveCfg = Release|Any CPU
		{1b381b87-b878-2c37-7cda-ae0fd3f750b2}.Release|Any CPU.Build.0 = Release|Any CPU
		{a31b0eb9-63c2-c116-4d74-0e5057114c56}.Debug|Any CPU.ActiveCfg = Debug|Any CPU
		{a31b0eb9-63c2-c116-4d74-0e5057114c56}.Debug|Any CPU.Build.0 = Debug|Any CPU
		{a31b0eb9-63c2-c116-4d74-0e5057114c56}.Release|Any CPU.ActiveCfg = Release|Any CPU
		{a31b0eb9-63c2-c116-4d74-0e5057114c56}.Release|Any CPU.Build.0 = Release|Any CPU
		{2927a0d0-dd5c-75f4-b830-2e0e064021c6}.Debug|Any CPU.ActiveCfg = Debug|Any CPU
		{2927a0d0-dd5c-75f4-b830-2e0e064021c6}.Debug|Any CPU.Build.0 = Debug|Any CPU
		{2927a0d0-dd5c-75f4-b830-2e0e064021c6}.Release|Any CPU.ActiveCfg = Release|Any CPU
		{2927a0d0-dd5c-75f4-b830-2e0e064021c6}.Release|Any CPU.Build.0 = Release|Any CPU
		{1e6f58cf-797a-5227-a66b-6cb17af7735a}.Debug|Any CPU.ActiveCfg = Debug|Any CPU
		{1e6f58cf-797a-5227-a66b-6cb17af7735a}.Debug|Any CPU.Build.0 = Debug|Any CPU
		{1e6f58cf-797a-5227-a66b-6cb17af7735a}.Release|Any CPU.ActiveCfg = Release|Any CPU
		{1e6f58cf-797a-5227-a66b-6cb17af7735a}.Release|Any CPU.Build.0 = Release|Any CPU
	EndGlobalSection
	GlobalSection(SolutionProperties) = preSolution
		HideSolutionNode = FALSE
	EndGlobalSection
EndGlobal
