
Microsoft Visual Studio Solution File, Format Version 11.00
# Visual Studio 2010
Project("{FAE04EC0-301F-11D3-BF4B-00C04F79EFBC}") = "Assembly-CSharp", "Assembly-CSharp.csproj", "{b05d665a-e669-7c72-7d26-08ff07f58606}"
EndProject
Project("{FAE04EC0-301F-11D3-BF4B-00C04F79EFBC}") = "UniTask", "UniTask.csproj", "{02beea26-028b-d473-9cdb-12a82dbebc23}"
EndProject
Project("{FAE04EC0-301F-11D3-BF4B-00C04F79EFBC}") = "LeanTransition", "LeanTransition.csproj", "{639bcd45-40e8-9b37-cb9b-5c7a0f8f5259}"
EndProject
Project("{FAE04EC0-301F-11D3-BF4B-00C04F79EFBC}") = "LeanGUI", "LeanGUI.csproj", "{f0c2f89f-9bc7-25e4-c7e3-cfc411f5bd91}"
EndProject
Project("{FAE04EC0-301F-11D3-BF4B-00C04F79EFBC}") = "UniTask.Linq", "UniTask.Linq.csproj", "{2cb1c3f5-d2a0-a199-d141-325a53dfd241}"
EndProject
Project("{FAE04EC0-301F-11D3-BF4B-00C04F79EFBC}") = "UnityGifDecoder", "UnityGifDecoder.csproj", "{03d0d6b3-dbd1-71b5-54b2-0056c3feb7cd}"
EndProject
Project("{FAE04EC0-301F-11D3-BF4B-00C04F79EFBC}") = "LeanCommon", "LeanCommon.csproj", "{14ee717d-e656-85fb-ea49-1385d0d7323c}"
EndProject
Project("{FAE04EC0-301F-11D3-BF4B-00C04F79EFBC}") = "UniTask.DOTween", "UniTask.DOTween.csproj", "{77edceef-102f-40f4-cabe-2a29033cb894}"
EndProject
Project("{FAE04EC0-301F-11D3-BF4B-00C04F79EFBC}") = "UniTask.TextMeshPro", "UniTask.TextMeshPro.csproj", "{4864bcdc-13cb-e8b2-e722-e6a6a928b21d}"
EndProject
Project("{FAE04EC0-301F-11D3-BF4B-00C04F79EFBC}") = "endel.nativewebsocket", "endel.nativewebsocket.csproj", "{cc3a5d75-6b7e-6d4d-49b0-f0e01fdf0402}"
EndProject
Project("{FAE04EC0-301F-11D3-BF4B-00C04F79EFBC}") = "UniTask.Addressables", "UniTask.Addressables.csproj", "{749a7ba1-37bc-16ac-6f31-4385c21ba7e8}"
EndProject
Project("{FAE04EC0-301F-11D3-BF4B-00C04F79EFBC}") = "UniTask.Editor", "UniTask.Editor.csproj", "{c6b99562-12c0-a281-a836-f970d3193ade}"
EndProject
Project("{FAE04EC0-301F-11D3-BF4B-00C04F79EFBC}") = "Assembly-CSharp-Editor", "Assembly-CSharp-Editor.csproj", "{ce6ce684-4a64-2caa-ff2c-f75dec2b0f99}"
EndProject
Project("{FAE04EC0-301F-11D3-BF4B-00C04F79EFBC}") = "LeanTransition.Editor", "LeanTransition.Editor.csproj", "{e4b6d182-e550-2e50-adab-74b3702bcf73}"
EndProject
Global
	GlobalSection(SolutionConfigurationPlatforms) = preSolution
		Debug|Any CPU = Debug|Any CPU
		Release|Any CPU = Release|Any CPU
	EndGlobalSection
	GlobalSection(ProjectConfigurationPlatforms) = postSolution
		{b05d665a-e669-7c72-7d26-08ff07f58606}.Debug|Any CPU.ActiveCfg = Debug|Any CPU
		{b05d665a-e669-7c72-7d26-08ff07f58606}.Debug|Any CPU.Build.0 = Debug|Any CPU
		{b05d665a-e669-7c72-7d26-08ff07f58606}.Release|Any CPU.ActiveCfg = Release|Any CPU
		{b05d665a-e669-7c72-7d26-08ff07f58606}.Release|Any CPU.Build.0 = Release|Any CPU
		{02beea26-028b-d473-9cdb-12a82dbebc23}.Debug|Any CPU.ActiveCfg = Debug|Any CPU
		{02beea26-028b-d473-9cdb-12a82dbebc23}.Debug|Any CPU.Build.0 = Debug|Any CPU
		{02beea26-028b-d473-9cdb-12a82dbebc23}.Release|Any CPU.ActiveCfg = Release|Any CPU
		{02beea26-028b-d473-9cdb-12a82dbebc23}.Release|Any CPU.Build.0 = Release|Any CPU
		{639bcd45-40e8-9b37-cb9b-5c7a0f8f5259}.Debug|Any CPU.ActiveCfg = Debug|Any CPU
		{639bcd45-40e8-9b37-cb9b-5c7a0f8f5259}.Debug|Any CPU.Build.0 = Debug|Any CPU
		{639bcd45-40e8-9b37-cb9b-5c7a0f8f5259}.Release|Any CPU.ActiveCfg = Release|Any CPU
		{639bcd45-40e8-9b37-cb9b-5c7a0f8f5259}.Release|Any CPU.Build.0 = Release|Any CPU
		{f0c2f89f-9bc7-25e4-c7e3-cfc411f5bd91}.Debug|Any CPU.ActiveCfg = Debug|Any CPU
		{f0c2f89f-9bc7-25e4-c7e3-cfc411f5bd91}.Debug|Any CPU.Build.0 = Debug|Any CPU
		{f0c2f89f-9bc7-25e4-c7e3-cfc411f5bd91}.Release|Any CPU.ActiveCfg = Release|Any CPU
		{f0c2f89f-9bc7-25e4-c7e3-cfc411f5bd91}.Release|Any CPU.Build.0 = Release|Any CPU
		{2cb1c3f5-d2a0-a199-d141-325a53dfd241}.Debug|Any CPU.ActiveCfg = Debug|Any CPU
		{2cb1c3f5-d2a0-a199-d141-325a53dfd241}.Debug|Any CPU.Build.0 = Debug|Any CPU
		{2cb1c3f5-d2a0-a199-d141-325a53dfd241}.Release|Any CPU.ActiveCfg = Release|Any CPU
		{2cb1c3f5-d2a0-a199-d141-325a53dfd241}.Release|Any CPU.Build.0 = Release|Any CPU
		{03d0d6b3-dbd1-71b5-54b2-0056c3feb7cd}.Debug|Any CPU.ActiveCfg = Debug|Any CPU
		{03d0d6b3-dbd1-71b5-54b2-0056c3feb7cd}.Debug|Any CPU.Build.0 = Debug|Any CPU
		{03d0d6b3-dbd1-71b5-54b2-0056c3feb7cd}.Release|Any CPU.ActiveCfg = Release|Any CPU
		{03d0d6b3-dbd1-71b5-54b2-0056c3feb7cd}.Release|Any CPU.Build.0 = Release|Any CPU
		{14ee717d-e656-85fb-ea49-1385d0d7323c}.Debug|Any CPU.ActiveCfg = Debug|Any CPU
		{14ee717d-e656-85fb-ea49-1385d0d7323c}.Debug|Any CPU.Build.0 = Debug|Any CPU
		{14ee717d-e656-85fb-ea49-1385d0d7323c}.Release|Any CPU.ActiveCfg = Release|Any CPU
		{14ee717d-e656-85fb-ea49-1385d0d7323c}.Release|Any CPU.Build.0 = Release|Any CPU
		{77edceef-102f-40f4-cabe-2a29033cb894}.Debug|Any CPU.ActiveCfg = Debug|Any CPU
		{77edceef-102f-40f4-cabe-2a29033cb894}.Debug|Any CPU.Build.0 = Debug|Any CPU
		{77edceef-102f-40f4-cabe-2a29033cb894}.Release|Any CPU.ActiveCfg = Release|Any CPU
		{77edceef-102f-40f4-cabe-2a29033cb894}.Release|Any CPU.Build.0 = Release|Any CPU
		{4864bcdc-13cb-e8b2-e722-e6a6a928b21d}.Debug|Any CPU.ActiveCfg = Debug|Any CPU
		{4864bcdc-13cb-e8b2-e722-e6a6a928b21d}.Debug|Any CPU.Build.0 = Debug|Any CPU
		{4864bcdc-13cb-e8b2-e722-e6a6a928b21d}.Release|Any CPU.ActiveCfg = Release|Any CPU
		{4864bcdc-13cb-e8b2-e722-e6a6a928b21d}.Release|Any CPU.Build.0 = Release|Any CPU
		{cc3a5d75-6b7e-6d4d-49b0-f0e01fdf0402}.Debug|Any CPU.ActiveCfg = Debug|Any CPU
		{cc3a5d75-6b7e-6d4d-49b0-f0e01fdf0402}.Debug|Any CPU.Build.0 = Debug|Any CPU
		{cc3a5d75-6b7e-6d4d-49b0-f0e01fdf0402}.Release|Any CPU.ActiveCfg = Release|Any CPU
		{cc3a5d75-6b7e-6d4d-49b0-f0e01fdf0402}.Release|Any CPU.Build.0 = Release|Any CPU
		{749a7ba1-37bc-16ac-6f31-4385c21ba7e8}.Debug|Any CPU.ActiveCfg = Debug|Any CPU
		{749a7ba1-37bc-16ac-6f31-4385c21ba7e8}.Debug|Any CPU.Build.0 = Debug|Any CPU
		{749a7ba1-37bc-16ac-6f31-4385c21ba7e8}.Release|Any CPU.ActiveCfg = Release|Any CPU
		{749a7ba1-37bc-16ac-6f31-4385c21ba7e8}.Release|Any CPU.Build.0 = Release|Any CPU
		{c6b99562-12c0-a281-a836-f970d3193ade}.Debug|Any CPU.ActiveCfg = Debug|Any CPU
		{c6b99562-12c0-a281-a836-f970d3193ade}.Debug|Any CPU.Build.0 = Debug|Any CPU
		{c6b99562-12c0-a281-a836-f970d3193ade}.Release|Any CPU.ActiveCfg = Release|Any CPU
		{c6b99562-12c0-a281-a836-f970d3193ade}.Release|Any CPU.Build.0 = Release|Any CPU
		{ce6ce684-4a64-2caa-ff2c-f75dec2b0f99}.Debug|Any CPU.ActiveCfg = Debug|Any CPU
		{ce6ce684-4a64-2caa-ff2c-f75dec2b0f99}.Debug|Any CPU.Build.0 = Debug|Any CPU
		{ce6ce684-4a64-2caa-ff2c-f75dec2b0f99}.Release|Any CPU.ActiveCfg = Release|Any CPU
		{ce6ce684-4a64-2caa-ff2c-f75dec2b0f99}.Release|Any CPU.Build.0 = Release|Any CPU
		{e4b6d182-e550-2e50-adab-74b3702bcf73}.Debug|Any CPU.ActiveCfg = Debug|Any CPU
		{e4b6d182-e550-2e50-adab-74b3702bcf73}.Debug|Any CPU.Build.0 = Debug|Any CPU
		{e4b6d182-e550-2e50-adab-74b3702bcf73}.Release|Any CPU.ActiveCfg = Release|Any CPU
		{e4b6d182-e550-2e50-adab-74b3702bcf73}.Release|Any CPU.Build.0 = Release|Any CPU
	EndGlobalSection
	GlobalSection(SolutionProperties) = preSolution
		HideSolutionNode = FALSE
	EndGlobalSection
EndGlobal
